// !$*UTF8*$!
{
	archiveVersion = 1;
	classes = {
	};
	objectVersion = 55;
	objects = {

/* Begin PBXBuildFile section */
		855DE32F2801BBBA00116AE6 /* ConstraintsForView.swift in Sources */ = {isa = PBXBuildFile; fileRef = 855DE32E2801BBBA00116AE6 /* ConstraintsForView.swift */; };
		855DE3312801BBE300116AE6 /* UIViewControllerExtensions.swift in Sources */ = {isa = PBXBuildFile; fileRef = 855DE3302801BBE300116AE6 /* UIViewControllerExtensions.swift */; };
		855DE3332801BEEE00116AE6 /* CollectionCell.swift in Sources */ = {isa = PBXBuildFile; fileRef = 855DE3322801BEEE00116AE6 /* CollectionCell.swift */; };
		855DE3352801BFD500116AE6 /* TableViewCell.swift in Sources */ = {isa = PBXBuildFile; fileRef = 855DE3342801BFD500116AE6 /* TableViewCell.swift */; };
		855DE3372801C44900116AE6 /* UITextFieldExtensions.swift in Sources */ = {isa = PBXBuildFile; fileRef = 855DE3362801C44900116AE6 /* UITextFieldExtensions.swift */; };
		855DE33A2801D3A800116AE6 /* UserService.swift in Sources */ = {isa = PBXBuildFile; fileRef = 855DE3392801D3A800116AE6 /* UserService.swift */; };
		855DE33E2801D44800116AE6 /* IUserService.swift in Sources */ = {isa = PBXBuildFile; fileRef = 855DE33D2801D44800116AE6 /* IUserService.swift */; };
		85A942D127FAF4F700425A36 /* AppDelegate.swift in Sources */ = {isa = PBXBuildFile; fileRef = 85A942D027FAF4F700425A36 /* AppDelegate.swift */; };
		85A942D327FAF4F700425A36 /* SceneDelegate.swift in Sources */ = {isa = PBXBuildFile; fileRef = 85A942D227FAF4F700425A36 /* SceneDelegate.swift */; };
		85A942DB27FAF4F700425A36 /* VKPhoto.xcdatamodeld in Sources */ = {isa = PBXBuildFile; fileRef = 85A942D927FAF4F700425A36 /* VKPhoto.xcdatamodeld */; };
		85A942DD27FAF4F900425A36 /* Assets.xcassets in Resources */ = {isa = PBXBuildFile; fileRef = 85A942DC27FAF4F900425A36 /* Assets.xcassets */; };
		85A942E027FAF4F900425A36 /* LaunchScreen.storyboard in Resources */ = {isa = PBXBuildFile; fileRef = 85A942DE27FAF4F900425A36 /* LaunchScreen.storyboard */; };
		85A942E827FAF95F00425A36 /* MainNavigationController.swift in Sources */ = {isa = PBXBuildFile; fileRef = 85A942E727FAF95F00425A36 /* MainNavigationController.swift */; };
		85A942EA27FAFA1A00425A36 /* LoginController.swift in Sources */ = {isa = PBXBuildFile; fileRef = 85A942E927FAFA1A00425A36 /* LoginController.swift */; };
		85A942EF27FAFB6D00425A36 /* LoginView.swift in Sources */ = {isa = PBXBuildFile; fileRef = 85A942EE27FAFB6D00425A36 /* LoginView.swift */; };
		85A942F327FB25BB00425A36 /* FontsReference.swift in Sources */ = {isa = PBXBuildFile; fileRef = 85A942F227FB25BB00425A36 /* FontsReference.swift */; };
		85A942F527FB449800425A36 /* ImageCatalogController.swift in Sources */ = {isa = PBXBuildFile; fileRef = 85A942F427FB449800425A36 /* ImageCatalogController.swift */; };
		85A942F927FB52F800425A36 /* ImageCatalogView.swift in Sources */ = {isa = PBXBuildFile; fileRef = 85A942F827FB52F800425A36 /* ImageCatalogView.swift */; };
		85A942FB27FB63E100425A36 /* SettingsController.swift in Sources */ = {isa = PBXBuildFile; fileRef = 85A942FA27FB63E100425A36 /* SettingsController.swift */; };
		85A942FD27FB63F000425A36 /* SettingsView.swift in Sources */ = {isa = PBXBuildFile; fileRef = 85A942FC27FB63F000425A36 /* SettingsView.swift */; };
		85D12A9227FEF9EA0094C7BF /* SignupController.swift in Sources */ = {isa = PBXBuildFile; fileRef = 85D12A9127FEF9EA0094C7BF /* SignupController.swift */; };
		85D12A9427FEFA330094C7BF /* SignupView.swift in Sources */ = {isa = PBXBuildFile; fileRef = 85D12A9327FEFA330094C7BF /* SignupView.swift */; };
		85D834EC27FC527A00706E57 /* ImageItem.swift in Sources */ = {isa = PBXBuildFile; fileRef = 85D834EB27FC527A00706E57 /* ImageItem.swift */; };
/* End PBXBuildFile section */

/* Begin PBXFileReference section */
		855DE32E2801BBBA00116AE6 /* ConstraintsForView.swift */ = {isa = PBXFileReference; lastKnownFileType = sourcecode.swift; path = ConstraintsForView.swift; sourceTree = "<group>"; };
		855DE3302801BBE300116AE6 /* UIViewControllerExtensions.swift */ = {isa = PBXFileReference; lastKnownFileType = sourcecode.swift; path = UIViewControllerExtensions.swift; sourceTree = "<group>"; };
		855DE3322801BEEE00116AE6 /* CollectionCell.swift */ = {isa = PBXFileReference; lastKnownFileType = sourcecode.swift; path = CollectionCell.swift; sourceTree = "<group>"; };
		855DE3342801BFD500116AE6 /* TableViewCell.swift */ = {isa = PBXFileReference; lastKnownFileType = sourcecode.swift; path = TableViewCell.swift; sourceTree = "<group>"; };
		855DE3362801C44900116AE6 /* UITextFieldExtensions.swift */ = {isa = PBXFileReference; lastKnownFileType = sourcecode.swift; path = UITextFieldExtensions.swift; sourceTree = "<group>"; };
		855DE3392801D3A800116AE6 /* UserService.swift */ = {isa = PBXFileReference; lastKnownFileType = sourcecode.swift; path = UserService.swift; sourceTree = "<group>"; };
		855DE33D2801D44800116AE6 /* IUserService.swift */ = {isa = PBXFileReference; lastKnownFileType = sourcecode.swift; path = IUserService.swift; sourceTree = "<group>"; };
		85A942CD27FAF4F700425A36 /* VKPhoto.app */ = {isa = PBXFileReference; explicitFileType = wrapper.application; includeInIndex = 0; path = VKPhoto.app; sourceTree = BUILT_PRODUCTS_DIR; };
		85A942D027FAF4F700425A36 /* AppDelegate.swift */ = {isa = PBXFileReference; lastKnownFileType = sourcecode.swift; path = AppDelegate.swift; sourceTree = "<group>"; };
		85A942D227FAF4F700425A36 /* SceneDelegate.swift */ = {isa = PBXFileReference; lastKnownFileType = sourcecode.swift; path = SceneDelegate.swift; sourceTree = "<group>"; };
		85A942DA27FAF4F700425A36 /* VKPhoto.xcdatamodel */ = {isa = PBXFileReference; lastKnownFileType = wrapper.xcdatamodel; path = VKPhoto.xcdatamodel; sourceTree = "<group>"; };
		85A942DC27FAF4F900425A36 /* Assets.xcassets */ = {isa = PBXFileReference; lastKnownFileType = folder.assetcatalog; path = Assets.xcassets; sourceTree = "<group>"; };
		85A942DF27FAF4F900425A36 /* Base */ = {isa = PBXFileReference; lastKnownFileType = file.storyboard; name = Base; path = Base.lproj/LaunchScreen.storyboard; sourceTree = "<group>"; };
		85A942E127FAF4F900425A36 /* Info.plist */ = {isa = PBXFileReference; lastKnownFileType = text.plist.xml; path = Info.plist; sourceTree = "<group>"; };
		85A942E727FAF95F00425A36 /* MainNavigationController.swift */ = {isa = PBXFileReference; lastKnownFileType = sourcecode.swift; path = MainNavigationController.swift; sourceTree = "<group>"; };
		85A942E927FAFA1A00425A36 /* LoginController.swift */ = {isa = PBXFileReference; lastKnownFileType = sourcecode.swift; path = LoginController.swift; sourceTree = "<group>"; };
		85A942EE27FAFB6D00425A36 /* LoginView.swift */ = {isa = PBXFileReference; lastKnownFileType = sourcecode.swift; path = LoginView.swift; sourceTree = "<group>"; };
		85A942F227FB25BB00425A36 /* FontsReference.swift */ = {isa = PBXFileReference; lastKnownFileType = sourcecode.swift; path = FontsReference.swift; sourceTree = "<group>"; };
		85A942F427FB449800425A36 /* ImageCatalogController.swift */ = {isa = PBXFileReference; lastKnownFileType = sourcecode.swift; path = ImageCatalogController.swift; sourceTree = "<group>"; };
		85A942F827FB52F800425A36 /* ImageCatalogView.swift */ = {isa = PBXFileReference; lastKnownFileType = sourcecode.swift; path = ImageCatalogView.swift; sourceTree = "<group>"; };
		85A942FA27FB63E100425A36 /* SettingsController.swift */ = {isa = PBXFileReference; lastKnownFileType = sourcecode.swift; path = SettingsController.swift; sourceTree = "<group>"; };
		85A942FC27FB63F000425A36 /* SettingsView.swift */ = {isa = PBXFileReference; lastKnownFileType = sourcecode.swift; path = SettingsView.swift; sourceTree = "<group>"; };
		85D12A9127FEF9EA0094C7BF /* SignupController.swift */ = {isa = PBXFileReference; lastKnownFileType = sourcecode.swift; path = SignupController.swift; sourceTree = "<group>"; };
		85D12A9327FEFA330094C7BF /* SignupView.swift */ = {isa = PBXFileReference; lastKnownFileType = sourcecode.swift; path = SignupView.swift; sourceTree = "<group>"; };
		85D834EB27FC527A00706E57 /* ImageItem.swift */ = {isa = PBXFileReference; lastKnownFileType = sourcecode.swift; path = ImageItem.swift; sourceTree = "<group>"; };
/* End PBXFileReference section */

/* Begin PBXFrameworksBuildPhase section */
		85A942CA27FAF4F700425A36 /* Frameworks */ = {
			isa = PBXFrameworksBuildPhase;
			buildActionMask = 2147483647;
			files = (
			);
			runOnlyForDeploymentPostprocessing = 0;
		};
/* End PBXFrameworksBuildPhase section */

/* Begin PBXGroup section */
		855DE32D2801BB7400116AE6 /* Utils */ = {
			isa = PBXGroup;
			children = (
				855DE32E2801BBBA00116AE6 /* ConstraintsForView.swift */,
				855DE3302801BBE300116AE6 /* UIViewControllerExtensions.swift */,
				855DE3362801C44900116AE6 /* UITextFieldExtensions.swift */,
			);
			path = Utils;
			sourceTree = "<group>";
		};
		855DE3382801D37200116AE6 /* UserService */ = {
			isa = PBXGroup;
			children = (
				855DE3392801D3A800116AE6 /* UserService.swift */,
				855DE33D2801D44800116AE6 /* IUserService.swift */,
			);
			path = UserService;
			sourceTree = "<group>";
		};
		85A942C427FAF4F700425A36 = {
			isa = PBXGroup;
			children = (
				85A942CF27FAF4F700425A36 /* VKPhoto */,
				85A942CE27FAF4F700425A36 /* Products */,
			);
			sourceTree = "<group>";
		};
		85A942CE27FAF4F700425A36 /* Products */ = {
			isa = PBXGroup;
			children = (
				85A942CD27FAF4F700425A36 /* VKPhoto.app */,
			);
			name = Products;
			sourceTree = "<group>";
		};
		85A942CF27FAF4F700425A36 /* VKPhoto */ = {
			isa = PBXGroup;
			children = (
				855DE32D2801BB7400116AE6 /* Utils */,
				85A942ED27FAFB4D00425A36 /* Model */,
				85A942EC27FAFB3900425A36 /* Controller */,
				85A942EB27FAFB2C00425A36 /* View */,
				85A942D027FAF4F700425A36 /* AppDelegate.swift */,
				85A942D227FAF4F700425A36 /* SceneDelegate.swift */,
				85A942DC27FAF4F900425A36 /* Assets.xcassets */,
				85A942DE27FAF4F900425A36 /* LaunchScreen.storyboard */,
				85A942E127FAF4F900425A36 /* Info.plist */,
				85A942D927FAF4F700425A36 /* VKPhoto.xcdatamodeld */,
			);
			path = VKPhoto;
			sourceTree = "<group>";
		};
		85A942EB27FAFB2C00425A36 /* View */ = {
			isa = PBXGroup;
			children = (
				85A942EE27FAFB6D00425A36 /* LoginView.swift */,
				85A942F827FB52F800425A36 /* ImageCatalogView.swift */,
				85A942FC27FB63F000425A36 /* SettingsView.swift */,
				85D12A9327FEFA330094C7BF /* SignupView.swift */,
				85A942F227FB25BB00425A36 /* FontsReference.swift */,
				855DE3322801BEEE00116AE6 /* CollectionCell.swift */,
				855DE3342801BFD500116AE6 /* TableViewCell.swift */,
			);
			path = View;
			sourceTree = "<group>";
		};
		85A942EC27FAFB3900425A36 /* Controller */ = {
			isa = PBXGroup;
			children = (
				85A942E727FAF95F00425A36 /* MainNavigationController.swift */,
				85A942E927FAFA1A00425A36 /* LoginController.swift */,
				85A942F427FB449800425A36 /* ImageCatalogController.swift */,
				85A942FA27FB63E100425A36 /* SettingsController.swift */,
				85D12A9127FEF9EA0094C7BF /* SignupController.swift */,
			);
			path = Controller;
			sourceTree = "<group>";
		};
		85A942ED27FAFB4D00425A36 /* Model */ = {
			isa = PBXGroup;
			children = (
				855DE3382801D37200116AE6 /* UserService */,
				85D834EB27FC527A00706E57 /* ImageItem.swift */,
			);
			path = Model;
			sourceTree = "<group>";
		};
/* End PBXGroup section */

/* Begin PBXNativeTarget section */
		85A942CC27FAF4F700425A36 /* VKPhoto */ = {
			isa = PBXNativeTarget;
			buildConfigurationList = 85A942E427FAF4F900425A36 /* Build configuration list for PBXNativeTarget "VKPhoto" */;
			buildPhases = (
				85A942C927FAF4F700425A36 /* Sources */,
				85A942CA27FAF4F700425A36 /* Frameworks */,
				85A942CB27FAF4F700425A36 /* Resources */,
			);
			buildRules = (
			);
			dependencies = (
			);
			name = VKPhoto;
			productName = VKPhoto;
			productReference = 85A942CD27FAF4F700425A36 /* VKPhoto.app */;
			productType = "com.apple.product-type.application";
		};
/* End PBXNativeTarget section */

/* Begin PBXProject section */
		85A942C527FAF4F700425A36 /* Project object */ = {
			isa = PBXProject;
			attributes = {
				BuildIndependentTargetsInParallel = 1;
				LastSwiftUpdateCheck = 1310;
				LastUpgradeCheck = 1310;
				TargetAttributes = {
					85A942CC27FAF4F700425A36 = {
						CreatedOnToolsVersion = 13.1;
					};
				};
			};
			buildConfigurationList = 85A942C827FAF4F700425A36 /* Build configuration list for PBXProject "VKPhoto" */;
			compatibilityVersion = "Xcode 13.0";
			developmentRegion = en;
			hasScannedForEncodings = 0;
			knownRegions = (
				en,
				Base,
			);
			mainGroup = 85A942C427FAF4F700425A36;
			productRefGroup = 85A942CE27FAF4F700425A36 /* Products */;
			projectDirPath = "";
			projectRoot = "";
			targets = (
				85A942CC27FAF4F700425A36 /* VKPhoto */,
			);
		};
/* End PBXProject section */

/* Begin PBXResourcesBuildPhase section */
		85A942CB27FAF4F700425A36 /* Resources */ = {
			isa = PBXResourcesBuildPhase;
			buildActionMask = 2147483647;
			files = (
				85A942E027FAF4F900425A36 /* LaunchScreen.storyboard in Resources */,
				85A942DD27FAF4F900425A36 /* Assets.xcassets in Resources */,
			);
			runOnlyForDeploymentPostprocessing = 0;
		};
/* End PBXResourcesBuildPhase section */

/* Begin PBXSourcesBuildPhase section */
		85A942C927FAF4F700425A36 /* Sources */ = {
			isa = PBXSourcesBuildPhase;
			buildActionMask = 2147483647;
			files = (
				85D12A9427FEFA330094C7BF /* SignupView.swift in Sources */,
				85A942FB27FB63E100425A36 /* SettingsController.swift in Sources */,
				85A942F927FB52F800425A36 /* ImageCatalogView.swift in Sources */,
				855DE3352801BFD500116AE6 /* TableViewCell.swift in Sources */,
				855DE3312801BBE300116AE6 /* UIViewControllerExtensions.swift in Sources */,
				85A942F327FB25BB00425A36 /* FontsReference.swift in Sources */,
				85A942EF27FAFB6D00425A36 /* LoginView.swift in Sources */,
				855DE33E2801D44800116AE6 /* IUserService.swift in Sources */,
				85A942F527FB449800425A36 /* ImageCatalogController.swift in Sources */,
				85A942E827FAF95F00425A36 /* MainNavigationController.swift in Sources */,
				85D12A9227FEF9EA0094C7BF /* SignupController.swift in Sources */,
				855DE32F2801BBBA00116AE6 /* ConstraintsForView.swift in Sources */,
				855DE3332801BEEE00116AE6 /* CollectionCell.swift in Sources */,
				85A942D127FAF4F700425A36 /* AppDelegate.swift in Sources */,
				855DE33A2801D3A800116AE6 /* UserService.swift in Sources */,
				85D834EC27FC527A00706E57 /* ImageItem.swift in Sources */,
				85A942D327FAF4F700425A36 /* SceneDelegate.swift in Sources */,
				85A942DB27FAF4F700425A36 /* VKPhoto.xcdatamodeld in Sources */,
				855DE3372801C44900116AE6 /* UITextFieldExtensions.swift in Sources */,
				85A942EA27FAFA1A00425A36 /* LoginController.swift in Sources */,
				85A942FD27FB63F000425A36 /* SettingsView.swift in Sources */,
			);
			runOnlyForDeploymentPostprocessing = 0;
		};
/* End PBXSourcesBuildPhase section */

/* Begin PBXVariantGroup section */
		85A942DE27FAF4F900425A36 /* LaunchScreen.storyboard */ = {
			isa = PBXVariantGroup;
			children = (
				85A942DF27FAF4F900425A36 /* Base */,
			);
			name = LaunchScreen.storyboard;
			sourceTree = "<group>";
		};
/* End PBXVariantGroup section */

/* Begin XCBuildConfiguration section */
		85A942E227FAF4F900425A36 /* Debug */ = {
			isa = XCBuildConfiguration;
			buildSettings = {
				ALWAYS_SEARCH_USER_PATHS = NO;
				CLANG_ANALYZER_NONNULL = YES;
				CLANG_ANALYZER_NUMBER_OBJECT_CONVERSION = YES_AGGRESSIVE;
				CLANG_CXX_LANGUAGE_STANDARD = "gnu++17";
				CLANG_CXX_LIBRARY = "libc++";
				CLANG_ENABLE_MODULES = YES;
				CLANG_ENABLE_OBJC_ARC = YES;
				CLANG_ENABLE_OBJC_WEAK = YES;
				CLANG_WARN_BLOCK_CAPTURE_AUTORELEASING = YES;
				CLANG_WARN_BOOL_CONVERSION = YES;
				CLANG_WARN_COMMA = YES;
				CLANG_WARN_CONSTANT_CONVERSION = YES;
				CLANG_WARN_DEPRECATED_OBJC_IMPLEMENTATIONS = YES;
				CLANG_WARN_DIRECT_OBJC_ISA_USAGE = YES_ERROR;
				CLANG_WARN_DOCUMENTATION_COMMENTS = YES;
				CLANG_WARN_EMPTY_BODY = YES;
				CLANG_WARN_ENUM_CONVERSION = YES;
				CLANG_WARN_INFINITE_RECURSION = YES;
				CLANG_WARN_INT_CONVERSION = YES;
				CLANG_WARN_NON_LITERAL_NULL_CONVERSION = YES;
				CLANG_WARN_OBJC_IMPLICIT_RETAIN_SELF = YES;
				CLANG_WARN_OBJC_LITERAL_CONVERSION = YES;
				CLANG_WARN_OBJC_ROOT_CLASS = YES_ERROR;
				CLANG_WARN_QUOTED_INCLUDE_IN_FRAMEWORK_HEADER = YES;
				CLANG_WARN_RANGE_LOOP_ANALYSIS = YES;
				CLANG_WARN_STRICT_PROTOTYPES = YES;
				CLANG_WARN_SUSPICIOUS_MOVE = YES;
				CLANG_WARN_UNGUARDED_AVAILABILITY = YES_AGGRESSIVE;
				CLANG_WARN_UNREACHABLE_CODE = YES;
				CLANG_WARN__DUPLICATE_METHOD_MATCH = YES;
				COPY_PHASE_STRIP = NO;
				DEBUG_INFORMATION_FORMAT = dwarf;
				ENABLE_STRICT_OBJC_MSGSEND = YES;
				ENABLE_TESTABILITY = YES;
				GCC_C_LANGUAGE_STANDARD = gnu11;
				GCC_DYNAMIC_NO_PIC = NO;
				GCC_NO_COMMON_BLOCKS = YES;
				GCC_OPTIMIZATION_LEVEL = 0;
				GCC_PREPROCESSOR_DEFINITIONS = (
					"DEBUG=1",
					"$(inherited)",
				);
				GCC_WARN_64_TO_32_BIT_CONVERSION = YES;
				GCC_WARN_ABOUT_RETURN_TYPE = YES_ERROR;
				GCC_WARN_UNDECLARED_SELECTOR = YES;
				GCC_WARN_UNINITIALIZED_AUTOS = YES_AGGRESSIVE;
				GCC_WARN_UNUSED_FUNCTION = YES;
				GCC_WARN_UNUSED_VARIABLE = YES;
				IPHONEOS_DEPLOYMENT_TARGET = 15.0;
				MTL_ENABLE_DEBUG_INFO = INCLUDE_SOURCE;
				MTL_FAST_MATH = YES;
				ONLY_ACTIVE_ARCH = YES;
				SDKROOT = iphoneos;
				SWIFT_ACTIVE_COMPILATION_CONDITIONS = DEBUG;
				SWIFT_OPTIMIZATION_LEVEL = "-Onone";
			};
			name = Debug;
		};
		85A942E327FAF4F900425A36 /* Release */ = {
			isa = XCBuildConfiguration;
			buildSettings = {
				ALWAYS_SEARCH_USER_PATHS = NO;
				CLANG_ANALYZER_NONNULL = YES;
				CLANG_ANALYZER_NUMBER_OBJECT_CONVERSION = YES_AGGRESSIVE;
				CLANG_CXX_LANGUAGE_STANDARD = "gnu++17";
				CLANG_CXX_LIBRARY = "libc++";
				CLANG_ENABLE_MODULES = YES;
				CLANG_ENABLE_OBJC_ARC = YES;
				CLANG_ENABLE_OBJC_WEAK = YES;
				CLANG_WARN_BLOCK_CAPTURE_AUTORELEASING = YES;
				CLANG_WARN_BOOL_CONVERSION = YES;
				CLANG_WARN_COMMA = YES;
				CLANG_WARN_CONSTANT_CONVERSION = YES;
				CLANG_WARN_DEPRECATED_OBJC_IMPLEMENTATIONS = YES;
				CLANG_WARN_DIRECT_OBJC_ISA_USAGE = YES_ERROR;
				CLANG_WARN_DOCUMENTATION_COMMENTS = YES;
				CLANG_WARN_EMPTY_BODY = YES;
				CLANG_WARN_ENUM_CONVERSION = YES;
				CLANG_WARN_INFINITE_RECURSION = YES;
				CLANG_WARN_INT_CONVERSION = YES;
				CLANG_WARN_NON_LITERAL_NULL_CONVERSION = YES;
				CLANG_WARN_OBJC_IMPLICIT_RETAIN_SELF = YES;
				CLANG_WARN_OBJC_LITERAL_CONVERSION = YES;
				CLANG_WARN_OBJC_ROOT_CLASS = YES_ERROR;
				CLANG_WARN_QUOTED_INCLUDE_IN_FRAMEWORK_HEADER = YES;
				CLANG_WARN_RANGE_LOOP_ANALYSIS = YES;
				CLANG_WARN_STRICT_PROTOTYPES = YES;
				CLANG_WARN_SUSPICIOUS_MOVE = YES;
				CLANG_WARN_UNGUARDED_AVAILABILITY = YES_AGGRESSIVE;
				CLANG_WARN_UNREACHABLE_CODE = YES;
				CLANG_WARN__DUPLICATE_METHOD_MATCH = YES;
				COPY_PHASE_STRIP = NO;
				DEBUG_INFORMATION_FORMAT = "dwarf-with-dsym";
				ENABLE_NS_ASSERTIONS = NO;
				ENABLE_STRICT_OBJC_MSGSEND = YES;
				GCC_C_LANGUAGE_STANDARD = gnu11;
				GCC_NO_COMMON_BLOCKS = YES;
				GCC_WARN_64_TO_32_BIT_CONVERSION = YES;
				GCC_WARN_ABOUT_RETURN_TYPE = YES_ERROR;
				GCC_WARN_UNDECLARED_SELECTOR = YES;
				GCC_WARN_UNINITIALIZED_AUTOS = YES_AGGRESSIVE;
				GCC_WARN_UNUSED_FUNCTION = YES;
				GCC_WARN_UNUSED_VARIABLE = YES;
				IPHONEOS_DEPLOYMENT_TARGET = 15.0;
				MTL_ENABLE_DEBUG_INFO = NO;
				MTL_FAST_MATH = YES;
				SDKROOT = iphoneos;
				SWIFT_COMPILATION_MODE = wholemodule;
				SWIFT_OPTIMIZATION_LEVEL = "-O";
				VALIDATE_PRODUCT = YES;
			};
			name = Release;
		};
		85A942E527FAF4F900425A36 /* Debug */ = {
			isa = XCBuildConfiguration;
			buildSettings = {
				ASSETCATALOG_COMPILER_APPICON_NAME = AppIcon;
				ASSETCATALOG_COMPILER_GLOBAL_ACCENT_COLOR_NAME = AccentColor;
				CODE_SIGN_STYLE = Automatic;
				CURRENT_PROJECT_VERSION = 1;
				DEVELOPMENT_TEAM = 5Q2XRN4R5F;
				GENERATE_INFOPLIST_FILE = YES;
				INFOPLIST_FILE = VKPhoto/Info.plist;
				INFOPLIST_KEY_NSPhotoLibraryUsageDescription = "Get permission";
				INFOPLIST_KEY_UIApplicationSupportsIndirectInputEvents = YES;
				INFOPLIST_KEY_UILaunchStoryboardName = LaunchScreen;
				INFOPLIST_KEY_UISupportedInterfaceOrientations_iPad = "UIInterfaceOrientationPortrait UIInterfaceOrientationPortraitUpsideDown UIInterfaceOrientationLandscapeLeft UIInterfaceOrientationLandscapeRight";
				INFOPLIST_KEY_UISupportedInterfaceOrientations_iPhone = "UIInterfaceOrientationPortrait UIInterfaceOrientationLandscapeLeft UIInterfaceOrientationLandscapeRight";
				LD_RUNPATH_SEARCH_PATHS = (
					"$(inherited)",
					"@executable_path/Frameworks",
				);
				MARKETING_VERSION = 1.0;
				PRODUCT_BUNDLE_IDENTIFIER = s4b.fa.VKPhoto;
				PRODUCT_NAME = "$(TARGET_NAME)";
				SWIFT_EMIT_LOC_STRINGS = YES;
				SWIFT_VERSION = 5.0;
				TARGETED_DEVICE_FAMILY = "1,2";
			};
			name = Debug;
		};
		85A942E627FAF4F900425A36 /* Release */ = {
			isa = XCBuildConfiguration;
			buildSettings = {
				ASSETCATALOG_COMPILER_APPICON_NAME = AppIcon;
				ASSETCATALOG_COMPILER_GLOBAL_ACCENT_COLOR_NAME = AccentColor;
				CODE_SIGN_STYLE = Automatic;
				CURRENT_PROJECT_VERSION = 1;
				DEVELOPMENT_TEAM = 5Q2XRN4R5F;
				GENERATE_INFOPLIST_FILE = YES;
				INFOPLIST_FILE = VKPhoto/Info.plist;
				INFOPLIST_KEY_NSPhotoLibraryUsageDescription = "Get permission";
				INFOPLIST_KEY_UIApplicationSupportsIndirectInputEvents = YES;
				INFOPLIST_KEY_UILaunchStoryboardName = LaunchScreen;
				INFOPLIST_KEY_UISupportedInterfaceOrientations_iPad = "UIInterfaceOrientationPortrait UIInterfaceOrientationPortraitUpsideDown UIInterfaceOrientationLandscapeLeft UIInterfaceOrientationLandscapeRight";
				INFOPLIST_KEY_UISupportedInterfaceOrientations_iPhone = "UIInterfaceOrientationPortrait UIInterfaceOrientationLandscapeLeft UIInterfaceOrientationLandscapeRight";
				LD_RUNPATH_SEARCH_PATHS = (
					"$(inherited)",
					"@executable_path/Frameworks",
				);
				MARKETING_VERSION = 1.0;
				PRODUCT_BUNDLE_IDENTIFIER = s4b.fa.VKPhoto;
				PRODUCT_NAME = "$(TARGET_NAME)";
				SWIFT_EMIT_LOC_STRINGS = YES;
				SWIFT_VERSION = 5.0;
				TARGETED_DEVICE_FAMILY = "1,2";
			};
			name = Release;
		};
/* End XCBuildConfiguration section */

/* Begin XCConfigurationList section */
		85A942C827FAF4F700425A36 /* Build configuration list for PBXProject "VKPhoto" */ = {
			isa = XCConfigurationList;
			buildConfigurations = (
				85A942E227FAF4F900425A36 /* Debug */,
				85A942E327FAF4F900425A36 /* Release */,
			);
			defaultConfigurationIsVisible = 0;
			defaultConfigurationName = Release;
		};
		85A942E427FAF4F900425A36 /* Build configuration list for PBXNativeTarget "VKPhoto" */ = {
			isa = XCConfigurationList;
			buildConfigurations = (
				85A942E527FAF4F900425A36 /* Debug */,
				85A942E627FAF4F900425A36 /* Release */,
			);
			defaultConfigurationIsVisible = 0;
			defaultConfigurationName = Release;
		};
/* End XCConfigurationList section */

/* Begin XCVersionGroup section */
		85A942D927FAF4F700425A36 /* VKPhoto.xcdatamodeld */ = {
			isa = XCVersionGroup;
			children = (
				85A942DA27FAF4F700425A36 /* VKPhoto.xcdatamodel */,
			);
			currentVersion = 85A942DA27FAF4F700425A36 /* VKPhoto.xcdatamodel */;
			path = VKPhoto.xcdatamodeld;
			sourceTree = "<group>";
			versionGroupType = wrapper.xcdatamodel;
		};
/* End XCVersionGroup section */
	};
	rootObject = 85A942C527FAF4F700425A36 /* Project object */;
}
